
Microsoft Visual Studio Solution File, Format Version 12.00
# Visual Studio Version 17
VisualStudioVersion = 17.7.34221.43
MinimumVisualStudioVersion = 10.0.40219.1
Project("{9A19103F-16F7-4668-BE54-9A1E7A4F7556}") = "SiparisIslemleri", "DevExpress\SiparisIslemleri.csproj", "{9F1B6BE3-CF79-49BD-A883-890D761AEC24}"
EndProject
Global
	GlobalSection(SolutionConfigurationPlatforms) = preSolution
		Debug|Any CPU = Debug|Any CPU
		Release|Any CPU = Release|Any CPU
	EndGlobalSection
	GlobalSection(ProjectConfigurationPlatforms) = postSolution
		{9F1B6BE3-CF79-49BD-A883-890D761AEC24}.Debug|Any CPU.ActiveCfg = Debug|Any CPU
		{9F1B6BE3-CF79-49BD-A883-890D761AEC24}.Debug|Any CPU.Build.0 = Debug|Any CPU
		{9F1B6BE3-CF79-49BD-A883-890D761AEC24}.Release|Any CPU.ActiveCfg = Release|Any CPU
		{9F1B6BE3-CF79-49BD-A883-890D761AEC24}.Release|Any CPU.Build.0 = Release|Any CPU
	EndGlobalSection
	GlobalSection(SolutionProperties) = preSolution
		HideSolutionNode = FALSE
	EndGlobalSection
	GlobalSection(ExtensibilityGlobals) = postSolution
		SolutionGuid = {3AA37597-FB4F-46FE-9A38-5FC83963EA61}
	EndGlobalSection
EndGlobal
